
Microsoft Visual Studio Solution File, Format Version 12.00
# Visual Studio Version 16
VisualStudioVersion = 16.0.31702.278
MinimumVisualStudioVersion = 10.0.40219.1
Project("{FAE04EC0-301F-11D3-BF4B-00C04F79EFBC}") = "LexiconTodoIt", "LexiconTodoIt\LexiconTodoIt.csproj", "{C956FE64-4472-4A55-8AEF-5B4F0B518F26}"
EndProject
Project("{FAE04EC0-301F-11D3-BF4B-00C04F79EFBC}") = "LexiconTodoItTests", "LexiconTodoItTests\LexiconTodoItTests.csproj", "{B02B2445-35C6-4194-AD6A-04F162C12A0E}"
EndProject
Global
	GlobalSection(SolutionConfigurationPlatforms) = preSolution
		Debug|Any CPU = Debug|Any CPU
		Release|Any CPU = Release|Any CPU
	EndGlobalSection
	GlobalSection(ProjectConfigurationPlatforms) = postSolution
		{C956FE64-4472-4A55-8AEF-5B4F0B518F26}.Debug|Any CPU.ActiveCfg = Debug|Any CPU
		{C956FE64-4472-4A55-8AEF-5B4F0B518F26}.Debug|Any CPU.Build.0 = Debug|Any CPU
		{C956FE64-4472-4A55-8AEF-5B4F0B518F26}.Release|Any CPU.ActiveCfg = Release|Any CPU
		{C956FE64-4472-4A55-8AEF-5B4F0B518F26}.Release|Any CPU.Build.0 = Release|Any CPU
		{B02B2445-35C6-4194-AD6A-04F162C12A0E}.Debug|Any CPU.ActiveCfg = Debug|Any CPU
		{B02B2445-35C6-4194-AD6A-04F162C12A0E}.Debug|Any CPU.Build.0 = Debug|Any CPU
		{B02B2445-35C6-4194-AD6A-04F162C12A0E}.Release|Any CPU.ActiveCfg = Release|Any CPU
		{B02B2445-35C6-4194-AD6A-04F162C12A0E}.Release|Any CPU.Build.0 = Release|Any CPU
	EndGlobalSection
	GlobalSection(SolutionProperties) = preSolution
		HideSolutionNode = FALSE
	EndGlobalSection
	GlobalSection(ExtensibilityGlobals) = postSolution
		SolutionGuid = {F032E55E-10AC-48A9-B13C-A907D86FE3ED}
	EndGlobalSection
EndGlobal
